
Microsoft Visual Studio Solution File, Format Version 12.00
# Visual Studio Version 18
VisualStudioVersion = 18.3.11312.210
MinimumVisualStudioVersion = 10.0.40219.1
Project("{FAE04EC0-301F-11D3-BF4B-00C04F79EFBC}") = "OpaMenu.Infrastructure.Shared", "OpaMenu.Infrastructure.Shared\OpaMenu.Infrastructure.Shared.csproj", "{3CB6A2B8-DF6D-3109-E986-8CF8D3B99D83}"
EndProject
Project("{FAE04EC0-301F-11D3-BF4B-00C04F79EFBC}") = "OpaMenu.Commons", "OpaMenu.Commons\OpaMenu.Commons.csproj", "{EB76641C-8E38-4A31-869B-0409E439A9D6}"
EndProject
Global
	GlobalSection(SolutionConfigurationPlatforms) = preSolution
		Debug|Any CPU = Debug|Any CPU
		Debug|x64 = Debug|x64
		Debug|x86 = Debug|x86
		Release|Any CPU = Release|Any CPU
		Release|x64 = Release|x64
		Release|x86 = Release|x86
	EndGlobalSection
	GlobalSection(ProjectConfigurationPlatforms) = postSolution
		{3CB6A2B8-DF6D-3109-E986-8CF8D3B99D83}.Debug|Any CPU.ActiveCfg = Debug|Any CPU
		{3CB6A2B8-DF6D-3109-E986-8CF8D3B99D83}.Debug|Any CPU.Build.0 = Debug|Any CPU
		{3CB6A2B8-DF6D-3109-E986-8CF8D3B99D83}.Debug|x64.ActiveCfg = Debug|Any CPU
		{3CB6A2B8-DF6D-3109-E986-8CF8D3B99D83}.Debug|x64.Build.0 = Debug|Any CPU
		{3CB6A2B8-DF6D-3109-E986-8CF8D3B99D83}.Debug|x86.ActiveCfg = Debug|Any CPU
		{3CB6A2B8-DF6D-3109-E986-8CF8D3B99D83}.Debug|x86.Build.0 = Debug|Any CPU
		{3CB6A2B8-DF6D-3109-E986-8CF8D3B99D83}.Release|Any CPU.ActiveCfg = Release|Any CPU
		{3CB6A2B8-DF6D-3109-E986-8CF8D3B99D83}.Release|Any CPU.Build.0 = Release|Any CPU
		{3CB6A2B8-DF6D-3109-E986-8CF8D3B99D83}.Release|x64.ActiveCfg = Release|Any CPU
		{3CB6A2B8-DF6D-3109-E986-8CF8D3B99D83}.Release|x64.Build.0 = Release|Any CPU
		{3CB6A2B8-DF6D-3109-E986-8CF8D3B99D83}.Release|x86.ActiveCfg = Release|Any CPU
		{3CB6A2B8-DF6D-3109-E986-8CF8D3B99D83}.Release|x86.Build.0 = Release|Any CPU
		{EB76641C-8E38-4A31-869B-0409E439A9D6}.Debug|Any CPU.ActiveCfg = Debug|Any CPU
		{EB76641C-8E38-4A31-869B-0409E439A9D6}.Debug|Any CPU.Build.0 = Debug|Any CPU
		{EB76641C-8E38-4A31-869B-0409E439A9D6}.Debug|x64.ActiveCfg = Debug|Any CPU
		{EB76641C-8E38-4A31-869B-0409E439A9D6}.Debug|x64.Build.0 = Debug|Any CPU
		{EB76641C-8E38-4A31-869B-0409E439A9D6}.Debug|x86.ActiveCfg = Debug|Any CPU
		{EB76641C-8E38-4A31-869B-0409E439A9D6}.Debug|x86.Build.0 = Debug|Any CPU
		{EB76641C-8E38-4A31-869B-0409E439A9D6}.Release|Any CPU.ActiveCfg = Release|Any CPU
		{EB76641C-8E38-4A31-869B-0409E439A9D6}.Release|Any CPU.Build.0 = Release|Any CPU
		{EB76641C-8E38-4A31-869B-0409E439A9D6}.Release|x64.ActiveCfg = Release|Any CPU
		{EB76641C-8E38-4A31-869B-0409E439A9D6}.Release|x64.Build.0 = Release|Any CPU
		{EB76641C-8E38-4A31-869B-0409E439A9D6}.Release|x86.ActiveCfg = Release|Any CPU
		{EB76641C-8E38-4A31-869B-0409E439A9D6}.Release|x86.Build.0 = Release|Any CPU
	EndGlobalSection
	GlobalSection(SolutionProperties) = preSolution
		HideSolutionNode = FALSE
	EndGlobalSection
	GlobalSection(ExtensibilityGlobals) = postSolution
		SolutionGuid = {EC238CB1-1879-4921-B7E0-394E63F7A447}
	EndGlobalSection
EndGlobal
